// !$*UTF8*$!
{
	archiveVersion = 1;
	classes = {
	};
	objectVersion = 55;
	objects = {

/* Begin PBXBuildFile section */
		BBA3B4A62BEC02D6003FA240 /* AppDelegate.swift in Sources */ = {isa = PBXBuildFile; fileRef = BBA3B4A52BEC02D6003FA240 /* AppDelegate.swift */; };
		BBA3B4A82BEC02D6003FA240 /* SceneDelegate.swift in Sources */ = {isa = PBXBuildFile; fileRef = BBA3B4A72BEC02D6003FA240 /* SceneDelegate.swift */; };
		BBA3B4AA2BEC02D6003FA240 /* ViewController.swift in Sources */ = {isa = PBXBuildFile; fileRef = BBA3B4A92BEC02D6003FA240 /* ViewController.swift */; };
		BBA3B4AD2BEC02D6003FA240 /* Main.storyboard in Resources */ = {isa = PBXBuildFile; fileRef = BBA3B4AB2BEC02D6003FA240 /* Main.storyboard */; };
		BBA3B4B02BEC02D6003FA240 /* ASosaColeccionDeJuegos.xcdatamodeld in Sources */ = {isa = PBXBuildFile; fileRef = BBA3B4AE2BEC02D6003FA240 /* ASosaColeccionDeJuegos.xcdatamodeld */; };
		BBA3B4B22BEC02D7003FA240 /* Assets.xcassets in Resources */ = {isa = PBXBuildFile; fileRef = BBA3B4B12BEC02D7003FA240 /* Assets.xcassets */; };
		BBA3B4B52BEC02D7003FA240 /* LaunchScreen.storyboard in Resources */ = {isa = PBXBuildFile; fileRef = BBA3B4B32BEC02D7003FA240 /* LaunchScreen.storyboard */; };
		BBA3B4BD2BEC08A8003FA240 /* JuegosViewController.swift in Sources */ = {isa = PBXBuildFile; fileRef = BBA3B4BC2BEC08A8003FA240 /* JuegosViewController.swift */; };
/* End PBXBuildFile section */

/* Begin PBXFileReference section */
		BBA3B4A22BEC02D6003FA240 /* ASosaColeccionDeJuegos.app */ = {isa = PBXFileReference; explicitFileType = wrapper.application; includeInIndex = 0; path = ASosaColeccionDeJuegos.app; sourceTree = BUILT_PRODUCTS_DIR; };
		BBA3B4A52BEC02D6003FA240 /* AppDelegate.swift */ = {isa = PBXFileReference; lastKnownFileType = sourcecode.swift; path = AppDelegate.swift; sourceTree = "<group>"; };
		BBA3B4A72BEC02D6003FA240 /* SceneDelegate.swift */ = {isa = PBXFileReference; lastKnownFileType = sourcecode.swift; path = SceneDelegate.swift; sourceTree = "<group>"; };
		BBA3B4A92BEC02D6003FA240 /* ViewController.swift */ = {isa = PBXFileReference; lastKnownFileType = sourcecode.swift; path = ViewController.swift; sourceTree = "<group>"; };
		BBA3B4AC2BEC02D6003FA240 /* Base */ = {isa = PBXFileReference; lastKnownFileType = file.storyboard; name = Base; path = Base.lproj/Main.storyboard; sourceTree = "<group>"; };
		BBA3B4AF2BEC02D6003FA240 /* ASosaColeccionDeJuegos.xcdatamodel */ = {isa = PBXFileReference; lastKnownFileType = wrapper.xcdatamodel; path = ASosaColeccionDeJuegos.xcdatamodel; sourceTree = "<group>"; };
		BBA3B4B12BEC02D7003FA240 /* Assets.xcassets */ = {isa = PBXFileReference; lastKnownFileType = folder.assetcatalog; path = Assets.xcassets; sourceTree = "<group>"; };
		BBA3B4B42BEC02D7003FA240 /* Base */ = {isa = PBXFileReference; lastKnownFileType = file.storyboard; name = Base; path = Base.lproj/LaunchScreen.storyboard; sourceTree = "<group>"; };
		BBA3B4B62BEC02D7003FA240 /* Info.plist */ = {isa = PBXFileReference; lastKnownFileType = text.plist.xml; path = Info.plist; sourceTree = "<group>"; };
		BBA3B4BC2BEC08A8003FA240 /* JuegosViewController.swift */ = {isa = PBXFileReference; lastKnownFileType = sourcecode.swift; path = JuegosViewController.swift; sourceTree = "<group>"; };
/* End PBXFileReference section */

/* Begin PBXFrameworksBuildPhase section */
		BBA3B49F2BEC02D6003FA240 /* Frameworks */ = {
			isa = PBXFrameworksBuildPhase;
			buildActionMask = 2147483647;
			files = (
			);
			runOnlyForDeploymentPostprocessing = 0;
		};
/* End PBXFrameworksBuildPhase section */

/* Begin PBXGroup section */
		BBA3B4992BEC02D6003FA240 = {
			isa = PBXGroup;
			children = (
				BBA3B4A42BEC02D6003FA240 /* ASosaColeccionDeJuegos */,
				BBA3B4A32BEC02D6003FA240 /* Products */,
			);
			sourceTree = "<group>";
		};
		BBA3B4A32BEC02D6003FA240 /* Products */ = {
			isa = PBXGroup;
			children = (
				BBA3B4A22BEC02D6003FA240 /* ASosaColeccionDeJuegos.app */,
			);
			name = Products;
			sourceTree = "<group>";
		};
		BBA3B4A42BEC02D6003FA240 /* ASosaColeccionDeJuegos */ = {
			isa = PBXGroup;
			children = (
				BBA3B4A52BEC02D6003FA240 /* AppDelegate.swift */,
				BBA3B4A72BEC02D6003FA240 /* SceneDelegate.swift */,
				BBA3B4A92BEC02D6003FA240 /* ViewController.swift */,
				BBA3B4AB2BEC02D6003FA240 /* Main.storyboard */,
				BBA3B4BC2BEC08A8003FA240 /* JuegosViewController.swift */,
				BBA3B4B12BEC02D7003FA240 /* Assets.xcassets */,
				BBA3B4B32BEC02D7003FA240 /* LaunchScreen.storyboard */,
				BBA3B4B62BEC02D7003FA240 /* Info.plist */,
				BBA3B4AE2BEC02D6003FA240 /* ASosaColeccionDeJuegos.xcdatamodeld */,
			);
			path = ASosaColeccionDeJuegos;
			sourceTree = "<group>";
		};
/* End PBXGroup section */

/* Begin PBXNativeTarget section */
		BBA3B4A12BEC02D6003FA240 /* ASosaColeccionDeJuegos */ = {
			isa = PBXNativeTarget;
			buildConfigurationList = BBA3B4B92BEC02D7003FA240 /* Build configuration list for PBXNativeTarget "ASosaColeccionDeJuegos" */;
			buildPhases = (
				BBA3B49E2BEC02D6003FA240 /* Sources */,
				BBA3B49F2BEC02D6003FA240 /* Frameworks */,
				BBA3B4A02BEC02D6003FA240 /* Resources */,
			);
			buildRules = (
			);
			dependencies = (
			);
			name = ASosaColeccionDeJuegos;
			productName = ASosaColeccionDeJuegos;
			productReference = BBA3B4A22BEC02D6003FA240 /* ASosaColeccionDeJuegos.app */;
			productType = "com.apple.product-type.application";
		};
/* End PBXNativeTarget section */

/* Begin PBXProject section */
		BBA3B49A2BEC02D6003FA240 /* Project object */ = {
			isa = PBXProject;
			attributes = {
				BuildIndependentTargetsInParallel = 1;
				LastSwiftUpdateCheck = 1330;
				LastUpgradeCheck = 1330;
				TargetAttributes = {
					BBA3B4A12BEC02D6003FA240 = {
						CreatedOnToolsVersion = 13.3;
					};
				};
			};
			buildConfigurationList = BBA3B49D2BEC02D6003FA240 /* Build configuration list for PBXProject "ASosaColeccionDeJuegos" */;
			compatibilityVersion = "Xcode 13.0";
			developmentRegion = en;
			hasScannedForEncodings = 0;
			knownRegions = (
				en,
				Base,
			);
			mainGroup = BBA3B4992BEC02D6003FA240;
			productRefGroup = BBA3B4A32BEC02D6003FA240 /* Products */;
			projectDirPath = "";
			projectRoot = "";
			targets = (
				BBA3B4A12BEC02D6003FA240 /* ASosaColeccionDeJuegos */,
			);
		};
/* End PBXProject section */

/* Begin PBXResourcesBuildPhase section */
		BBA3B4A02BEC02D6003FA240 /* Resources */ = {
			isa = PBXResourcesBuildPhase;
			buildActionMask = 2147483647;
			files = (
				BBA3B4B52BEC02D7003FA240 /* LaunchScreen.storyboard in Resources */,
				BBA3B4B22BEC02D7003FA240 /* Assets.xcassets in Resources */,
				BBA3B4AD2BEC02D6003FA240 /* Main.storyboard in Resources */,
			);
			runOnlyForDeploymentPostprocessing = 0;
		};
/* End PBXResourcesBuildPhase section */

/* Begin PBXSourcesBuildPhase section */
		BBA3B49E2BEC02D6003FA240 /* Sources */ = {
			isa = PBXSourcesBuildPhase;
			buildActionMask = 2147483647;
			files = (
				BBA3B4BD2BEC08A8003FA240 /* JuegosViewController.swift in Sources */,
				BBA3B4AA2BEC02D6003FA240 /* ViewController.swift in Sources */,
				BBA3B4A62BEC02D6003FA240 /* AppDelegate.swift in Sources */,
				BBA3B4A82BEC02D6003FA240 /* SceneDelegate.swift in Sources */,
				BBA3B4B02BEC02D6003FA240 /* ASosaColeccionDeJuegos.xcdatamodeld in Sources */,
			);
			runOnlyForDeploymentPostprocessing = 0;
		};
/* End PBXSourcesBuildPhase section */

/* Begin PBXVariantGroup section */
		BBA3B4AB2BEC02D6003FA240 /* Main.storyboard */ = {
			isa = PBXVariantGroup;
			children = (
				BBA3B4AC2BEC02D6003FA240 /* Base */,
			);
			name = Main.storyboard;
			sourceTree = "<group>";
		};
		BBA3B4B32BEC02D7003FA240 /* LaunchScreen.storyboard */ = {
			isa = PBXVariantGroup;
			children = (
				BBA3B4B42BEC02D7003FA240 /* Base */,
			);
			name = LaunchScreen.storyboard;
			sourceTree = "<group>";
		};
/* End PBXVariantGroup section */

/* Begin XCBuildConfiguration section */
		BBA3B4B72BEC02D7003FA240 /* Debug */ = {
			isa = XCBuildConfiguration;
			buildSettings = {
				ALWAYS_SEARCH_USER_PATHS = NO;
				CLANG_ANALYZER_NONNULL = YES;
				CLANG_ANALYZER_NUMBER_OBJECT_CONVERSION = YES_AGGRESSIVE;
				CLANG_CXX_LANGUAGE_STANDARD = "gnu++17";
				CLANG_ENABLE_MODULES = YES;
				CLANG_ENABLE_OBJC_ARC = YES;
				CLANG_ENABLE_OBJC_WEAK = YES;
				CLANG_WARN_BLOCK_CAPTURE_AUTORELEASING = YES;
				CLANG_WARN_BOOL_CONVERSION = YES;
				CLANG_WARN_COMMA = YES;
				CLANG_WARN_CONSTANT_CONVERSION = YES;
				CLANG_WARN_DEPRECATED_OBJC_IMPLEMENTATIONS = YES;
				CLANG_WARN_DIRECT_OBJC_ISA_USAGE = YES_ERROR;
				CLANG_WARN_DOCUMENTATION_COMMENTS = YES;
				CLANG_WARN_EMPTY_BODY = YES;
				CLANG_WARN_ENUM_CONVERSION = YES;
				CLANG_WARN_INFINITE_RECURSION = YES;
				CLANG_WARN_INT_CONVERSION = YES;
				CLANG_WARN_NON_LITERAL_NULL_CONVERSION = YES;
				CLANG_WARN_OBJC_IMPLICIT_RETAIN_SELF = YES;
				CLANG_WARN_OBJC_LITERAL_CONVERSION = YES;
				CLANG_WARN_OBJC_ROOT_CLASS = YES_ERROR;
				CLANG_WARN_QUOTED_INCLUDE_IN_FRAMEWORK_HEADER = YES;
				CLANG_WARN_RANGE_LOOP_ANALYSIS = YES;
				CLANG_WARN_STRICT_PROTOTYPES = YES;
				CLANG_WARN_SUSPICIOUS_MOVE = YES;
				CLANG_WARN_UNGUARDED_AVAILABILITY = YES_AGGRESSIVE;
				CLANG_WARN_UNREACHABLE_CODE = YES;
				CLANG_WARN__DUPLICATE_METHOD_MATCH = YES;
				COPY_PHASE_STRIP = NO;
				DEBUG_INFORMATION_FORMAT = dwarf;
				ENABLE_STRICT_OBJC_MSGSEND = YES;
				ENABLE_TESTABILITY = YES;
				GCC_C_LANGUAGE_STANDARD = gnu11;
				GCC_DYNAMIC_NO_PIC = NO;
				GCC_NO_COMMON_BLOCKS = YES;
				GCC_OPTIMIZATION_LEVEL = 0;
				GCC_PREPROCESSOR_DEFINITIONS = (
					"DEBUG=1",
					"$(inherited)",
				);
				GCC_WARN_64_TO_32_BIT_CONVERSION = YES;
				GCC_WARN_ABOUT_RETURN_TYPE = YES_ERROR;
				GCC_WARN_UNDECLARED_SELECTOR = YES;
				GCC_WARN_UNINITIALIZED_AUTOS = YES_AGGRESSIVE;
				GCC_WARN_UNUSED_FUNCTION = YES;
				GCC_WARN_UNUSED_VARIABLE = YES;
				IPHONEOS_DEPLOYMENT_TARGET = 15.4;
				MTL_ENABLE_DEBUG_INFO = INCLUDE_SOURCE;
				MTL_FAST_MATH = YES;
				ONLY_ACTIVE_ARCH = YES;
				SDKROOT = iphoneos;
				SWIFT_ACTIVE_COMPILATION_CONDITIONS = DEBUG;
				SWIFT_OPTIMIZATION_LEVEL = "-Onone";
			};
			name = Debug;
		};
		BBA3B4B82BEC02D7003FA240 /* Release */ = {
			isa = XCBuildConfiguration;
			buildSettings = {
				ALWAYS_SEARCH_USER_PATHS = NO;
				CLANG_ANALYZER_NONNULL = YES;
				CLANG_ANALYZER_NUMBER_OBJECT_CONVERSION = YES_AGGRESSIVE;
				CLANG_CXX_LANGUAGE_STANDARD = "gnu++17";
				CLANG_ENABLE_MODULES = YES;
				CLANG_ENABLE_OBJC_ARC = YES;
				CLANG_ENABLE_OBJC_WEAK = YES;
				CLANG_WARN_BLOCK_CAPTURE_AUTORELEASING = YES;
				CLANG_WARN_BOOL_CONVERSION = YES;
				CLANG_WARN_COMMA = YES;
				CLANG_WARN_CONSTANT_CONVERSION = YES;
				CLANG_WARN_DEPRECATED_OBJC_IMPLEMENTATIONS = YES;
				CLANG_WARN_DIRECT_OBJC_ISA_USAGE = YES_ERROR;
				CLANG_WARN_DOCUMENTATION_COMMENTS = YES;
				CLANG_WARN_EMPTY_BODY = YES;
				CLANG_WARN_ENUM_CONVERSION = YES;
				CLANG_WARN_INFINITE_RECURSION = YES;
				CLANG_WARN_INT_CONVERSION = YES;
				CLANG_WARN_NON_LITERAL_NULL_CONVERSION = YES;
				CLANG_WARN_OBJC_IMPLICIT_RETAIN_SELF = YES;
				CLANG_WARN_OBJC_LITERAL_CONVERSION = YES;
				CLANG_WARN_OBJC_ROOT_CLASS = YES_ERROR;
				CLANG_WARN_QUOTED_INCLUDE_IN_FRAMEWORK_HEADER = YES;
				CLANG_WARN_RANGE_LOOP_ANALYSIS = YES;
				CLANG_WARN_STRICT_PROTOTYPES = YES;
				CLANG_WARN_SUSPICIOUS_MOVE = YES;
				CLANG_WARN_UNGUARDED_AVAILABILITY = YES_AGGRESSIVE;
				CLANG_WARN_UNREACHABLE_CODE = YES;
				CLANG_WARN__DUPLICATE_METHOD_MATCH = YES;
				COPY_PHASE_STRIP = NO;
				DEBUG_INFORMATION_FORMAT = "dwarf-with-dsym";
				ENABLE_NS_ASSERTIONS = NO;
				ENABLE_STRICT_OBJC_MSGSEND = YES;
				GCC_C_LANGUAGE_STANDARD = gnu11;
				GCC_NO_COMMON_BLOCKS = YES;
				GCC_WARN_64_TO_32_BIT_CONVERSION = YES;
				GCC_WARN_ABOUT_RETURN_TYPE = YES_ERROR;
				GCC_WARN_UNDECLARED_SELECTOR = YES;
				GCC_WARN_UNINITIALIZED_AUTOS = YES_AGGRESSIVE;
				GCC_WARN_UNUSED_FUNCTION = YES;
				GCC_WARN_UNUSED_VARIABLE = YES;
				IPHONEOS_DEPLOYMENT_TARGET = 15.4;
				MTL_ENABLE_DEBUG_INFO = NO;
				MTL_FAST_MATH = YES;
				SDKROOT = iphoneos;
				SWIFT_COMPILATION_MODE = wholemodule;
				SWIFT_OPTIMIZATION_LEVEL = "-O";
				VALIDATE_PRODUCT = YES;
			};
			name = Release;
		};
		BBA3B4BA2BEC02D7003FA240 /* Debug */ = {
			isa = XCBuildConfiguration;
			buildSettings = {
				ASSETCATALOG_COMPILER_APPICON_NAME = AppIcon;
				ASSETCATALOG_COMPILER_GLOBAL_ACCENT_COLOR_NAME = AccentColor;
				CODE_SIGN_STYLE = Automatic;
				CURRENT_PROJECT_VERSION = 1;
				GENERATE_INFOPLIST_FILE = YES;
				INFOPLIST_FILE = ASosaColeccionDeJuegos/Info.plist;
				INFOPLIST_KEY_UIApplicationSupportsIndirectInputEvents = YES;
				INFOPLIST_KEY_UILaunchStoryboardName = LaunchScreen;
				INFOPLIST_KEY_UIMainStoryboardFile = Main;
				INFOPLIST_KEY_UISupportedInterfaceOrientations_iPad = "UIInterfaceOrientationPortrait UIInterfaceOrientationPortraitUpsideDown UIInterfaceOrientationLandscapeLeft UIInterfaceOrientationLandscapeRight";
				INFOPLIST_KEY_UISupportedInterfaceOrientations_iPhone = "UIInterfaceOrientationPortrait UIInterfaceOrientationLandscapeLeft UIInterfaceOrientationLandscapeRight";
				LD_RUNPATH_SEARCH_PATHS = (
					"$(inherited)",
					"@executable_path/Frameworks",
				);
				MARKETING_VERSION = 1.0;
				PRODUCT_BUNDLE_IDENTIFIER = com.empresa.ASosaColeccionDeJuegos;
				PRODUCT_NAME = "$(TARGET_NAME)";
				SWIFT_EMIT_LOC_STRINGS = YES;
				SWIFT_VERSION = 5.0;
				TARGETED_DEVICE_FAMILY = "1,2";
			};
			name = Debug;
		};
		BBA3B4BB2BEC02D7003FA240 /* Release */ = {
			isa = XCBuildConfiguration;
			buildSettings = {
				ASSETCATALOG_COMPILER_APPICON_NAME = AppIcon;
				ASSETCATALOG_COMPILER_GLOBAL_ACCENT_COLOR_NAME = AccentColor;
				CODE_SIGN_STYLE = Automatic;
				CURRENT_PROJECT_VERSION = 1;
				GENERATE_INFOPLIST_FILE = YES;
				INFOPLIST_FILE = ASosaColeccionDeJuegos/Info.plist;
				INFOPLIST_KEY_UIApplicationSupportsIndirectInputEvents = YES;
				INFOPLIST_KEY_UILaunchStoryboardName = LaunchScreen;
				INFOPLIST_KEY_UIMainStoryboardFile = Main;
				INFOPLIST_KEY_UISupportedInterfaceOrientations_iPad = "UIInterfaceOrientationPortrait UIInterfaceOrientationPortraitUpsideDown UIInterfaceOrientationLandscapeLeft UIInterfaceOrientationLandscapeRight";
				INFOPLIST_KEY_UISupportedInterfaceOrientations_iPhone = "UIInterfaceOrientationPortrait UIInterfaceOrientationLandscapeLeft UIInterfaceOrientationLandscapeRight";
				LD_RUNPATH_SEARCH_PATHS = (
					"$(inherited)",
					"@executable_path/Frameworks",
				);
				MARKETING_VERSION = 1.0;
				PRODUCT_BUNDLE_IDENTIFIER = com.empresa.ASosaColeccionDeJuegos;
				PRODUCT_NAME = "$(TARGET_NAME)";
				SWIFT_EMIT_LOC_STRINGS = YES;
				SWIFT_VERSION = 5.0;
				TARGETED_DEVICE_FAMILY = "1,2";
			};
			name = Release;
		};
/* End XCBuildConfiguration section */

/* Begin XCConfigurationList section */
		BBA3B49D2BEC02D6003FA240 /* Build configuration list for PBXProject "ASosaColeccionDeJuegos" */ = {
			isa = XCConfigurationList;
			buildConfigurations = (
				BBA3B4B72BEC02D7003FA240 /* Debug */,
				BBA3B4B82BEC02D7003FA240 /* Release */,
			);
			defaultConfigurationIsVisible = 0;
			defaultConfigurationName = Release;
		};
		BBA3B4B92BEC02D7003FA240 /* Build configuration list for PBXNativeTarget "ASosaColeccionDeJuegos" */ = {
			isa = XCConfigurationList;
			buildConfigurations = (
				BBA3B4BA2BEC02D7003FA240 /* Debug */,
				BBA3B4BB2BEC02D7003FA240 /* Release */,
			);
			defaultConfigurationIsVisible = 0;
			defaultConfigurationName = Release;
		};
/* End XCConfigurationList section */

/* Begin XCVersionGroup section */
		BBA3B4AE2BEC02D6003FA240 /* ASosaColeccionDeJuegos.xcdatamodeld */ = {
			isa = XCVersionGroup;
			children = (
				BBA3B4AF2BEC02D6003FA240 /* ASosaColeccionDeJuegos.xcdatamodel */,
			);
			currentVersion = BBA3B4AF2BEC02D6003FA240 /* ASosaColeccionDeJuegos.xcdatamodel */;
			path = ASosaColeccionDeJuegos.xcdatamodeld;
			sourceTree = "<group>";
			versionGroupType = wrapper.xcdatamodel;
		};
/* End XCVersionGroup section */
	};
	rootObject = BBA3B49A2BEC02D6003FA240 /* Project object */;
}
